
Microsoft Visual Studio Solution File, Format Version 12.00
# Visual Studio Version 16
VisualStudioVersion = 16.0.30717.126
MinimumVisualStudioVersion = 10.0.40219.1
Project("{9A19103F-16F7-4668-BE54-9A1E7A4F7556}") = "FlightsWebApplication", "FlightsWebApplication\FlightsWebApplication.csproj", "{CC62F2B7-AF77-45FB-BDED-42E060087E3B}"
EndProject
Project("{9A19103F-16F7-4668-BE54-9A1E7A4F7556}") = "DataContext", "DataContext\DataContext.csproj", "{EE9A08CD-0F8D-46A8-B438-47DA3C23302D}"
EndProject
Project("{9A19103F-16F7-4668-BE54-9A1E7A4F7556}") = "Services", "Services\Services.csproj", "{94B4BA54-79C1-4FC5-A7B5-EAF1B4898CAF}"
EndProject
Project("{9A19103F-16F7-4668-BE54-9A1E7A4F7556}") = "ServicesTest", "ServicesTest\ServicesTest.csproj", "{0F27D011-FB29-427F-87F9-2625A754F5F3}"
EndProject
Global
	GlobalSection(SolutionConfigurationPlatforms) = preSolution
		Debug|Any CPU = Debug|Any CPU
		Release|Any CPU = Release|Any CPU
	EndGlobalSection
	GlobalSection(ProjectConfigurationPlatforms) = postSolution
		{CC62F2B7-AF77-45FB-BDED-42E060087E3B}.Debug|Any CPU.ActiveCfg = Debug|Any CPU
		{CC62F2B7-AF77-45FB-BDED-42E060087E3B}.Debug|Any CPU.Build.0 = Debug|Any CPU
		{CC62F2B7-AF77-45FB-BDED-42E060087E3B}.Release|Any CPU.ActiveCfg = Release|Any CPU
		{CC62F2B7-AF77-45FB-BDED-42E060087E3B}.Release|Any CPU.Build.0 = Release|Any CPU
		{EE9A08CD-0F8D-46A8-B438-47DA3C23302D}.Debug|Any CPU.ActiveCfg = Debug|Any CPU
		{EE9A08CD-0F8D-46A8-B438-47DA3C23302D}.Debug|Any CPU.Build.0 = Debug|Any CPU
		{EE9A08CD-0F8D-46A8-B438-47DA3C23302D}.Release|Any CPU.ActiveCfg = Release|Any CPU
		{EE9A08CD-0F8D-46A8-B438-47DA3C23302D}.Release|Any CPU.Build.0 = Release|Any CPU
		{94B4BA54-79C1-4FC5-A7B5-EAF1B4898CAF}.Debug|Any CPU.ActiveCfg = Debug|Any CPU
		{94B4BA54-79C1-4FC5-A7B5-EAF1B4898CAF}.Debug|Any CPU.Build.0 = Debug|Any CPU
		{94B4BA54-79C1-4FC5-A7B5-EAF1B4898CAF}.Release|Any CPU.ActiveCfg = Release|Any CPU
		{94B4BA54-79C1-4FC5-A7B5-EAF1B4898CAF}.Release|Any CPU.Build.0 = Release|Any CPU
		{0F27D011-FB29-427F-87F9-2625A754F5F3}.Debug|Any CPU.ActiveCfg = Debug|Any CPU
		{0F27D011-FB29-427F-87F9-2625A754F5F3}.Debug|Any CPU.Build.0 = Debug|Any CPU
		{0F27D011-FB29-427F-87F9-2625A754F5F3}.Release|Any CPU.ActiveCfg = Release|Any CPU
		{0F27D011-FB29-427F-87F9-2625A754F5F3}.Release|Any CPU.Build.0 = Release|Any CPU
	EndGlobalSection
	GlobalSection(SolutionProperties) = preSolution
		HideSolutionNode = FALSE
	EndGlobalSection
	GlobalSection(ExtensibilityGlobals) = postSolution
		SolutionGuid = {36D6CDFD-E028-4757-BB6C-3D017B66D535}
	EndGlobalSection
EndGlobal
